// !$*UTF8*$!
{
	archiveVersion = 1;
	classes = {
	};
	objectVersion = 46;
	objects = {

/* Begin PBXBuildFile section */
		18087D9B1904FECB004408E9 /* AGViewController.m in Sources */ = {isa = PBXBuildFile; fileRef = 18087D981904FECB004408E9 /* AGViewController.m */; };
		18087D9C1904FECB004408E9 /* AGViewController_iPhone.xib in Resources */ = {isa = PBXBuildFile; fileRef = 18087D991904FECB004408E9 /* AGViewController_iPhone.xib */; };
		18087DB119050222004408E9 /* AGImagePickerController+Helper.m in Sources */ = {isa = PBXBuildFile; fileRef = 18087DA019050222004408E9 /* AGImagePickerController+Helper.m */; };
		18087DB219050222004408E9 /* AGImagePickerController.bundle in Resources */ = {isa = PBXBuildFile; fileRef = 18087DA119050222004408E9 /* AGImagePickerController.bundle */; };
		18087DB319050222004408E9 /* AGImagePickerController.m in Sources */ = {isa = PBXBuildFile; fileRef = 18087DA319050222004408E9 /* AGImagePickerController.m */; };
		18087DB419050222004408E9 /* AGIPCAlbumsController.m in Sources */ = {isa = PBXBuildFile; fileRef = 18087DA619050222004408E9 /* AGIPCAlbumsController.m */; };
		18087DB519050222004408E9 /* AGIPCAssetsController.m in Sources */ = {isa = PBXBuildFile; fileRef = 18087DA819050222004408E9 /* AGIPCAssetsController.m */; };
		18087DB619050222004408E9 /* AGIPCGridCell.m in Sources */ = {isa = PBXBuildFile; fileRef = 18087DAA19050222004408E9 /* AGIPCGridCell.m */; };
		18087DB719050222004408E9 /* AGIPCGridItem.m in Sources */ = {isa = PBXBuildFile; fileRef = 18087DAC19050222004408E9 /* AGIPCGridItem.m */; };
		18087DB819050222004408E9 /* AGIPCToolbarItem.m in Sources */ = {isa = PBXBuildFile; fileRef = 18087DAE19050222004408E9 /* AGIPCToolbarItem.m */; };
		18087DB919050222004408E9 /* ALAsset+AGIPC.m in Sources */ = {isa = PBXBuildFile; fileRef = 18087DB019050222004408E9 /* ALAsset+AGIPC.m */; };
		18087DBD19050B83004408E9 /* MoreViewController.m in Sources */ = {isa = PBXBuildFile; fileRef = 18087DBB19050B83004408E9 /* MoreViewController.m */; };
		18087DBE19050B83004408E9 /* MoreViewController.xib in Resources */ = {isa = PBXBuildFile; fileRef = 18087DBC19050B83004408E9 /* MoreViewController.xib */; };
		18087DC119050CBD004408E9 /* LocalImageViewController.m in Sources */ = {isa = PBXBuildFile; fileRef = 18087DC019050CBD004408E9 /* LocalImageViewController.m */; };
		18087DC4190527AF004408E9 /* GifView.m in Sources */ = {isa = PBXBuildFile; fileRef = 18087DC3190527AF004408E9 /* GifView.m */; settings = {COMPILER_FLAGS = "-fno-objc-arc"; }; };
		18087DC61905296F004408E9 /* run.gif in Resources */ = {isa = PBXBuildFile; fileRef = 18087DC51905296F004408E9 /* run.gif */; };
		181C5A0A18FF646D00173F0F /* Foundation.framework in Frameworks */ = {isa = PBXBuildFile; fileRef = 181C5A0918FF646D00173F0F /* Foundation.framework */; };
		181C5A0C18FF646D00173F0F /* CoreGraphics.framework in Frameworks */ = {isa = PBXBuildFile; fileRef = 181C5A0B18FF646D00173F0F /* CoreGraphics.framework */; };
		181C5A0E18FF646D00173F0F /* UIKit.framework in Frameworks */ = {isa = PBXBuildFile; fileRef = 181C5A0D18FF646D00173F0F /* UIKit.framework */; };
		181C5A1418FF646D00173F0F /* InfoPlist.strings in Resources */ = {isa = PBXBuildFile; fileRef = 181C5A1218FF646D00173F0F /* InfoPlist.strings */; };
		181C5A1618FF646D00173F0F /* main.m in Sources */ = {isa = PBXBuildFile; fileRef = 181C5A1518FF646D00173F0F /* main.m */; };
		181C5A1A18FF646D00173F0F /* AppDelegate.m in Sources */ = {isa = PBXBuildFile; fileRef = 181C5A1918FF646D00173F0F /* AppDelegate.m */; };
		181C5A1C18FF646D00173F0F /* Images.xcassets in Resources */ = {isa = PBXBuildFile; fileRef = 181C5A1B18FF646D00173F0F /* Images.xcassets */; };
		181C5A2318FF646D00173F0F /* XCTest.framework in Frameworks */ = {isa = PBXBuildFile; fileRef = 181C5A2218FF646D00173F0F /* XCTest.framework */; };
		181C5A2418FF646D00173F0F /* Foundation.framework in Frameworks */ = {isa = PBXBuildFile; fileRef = 181C5A0918FF646D00173F0F /* Foundation.framework */; };
		181C5A2518FF646D00173F0F /* UIKit.framework in Frameworks */ = {isa = PBXBuildFile; fileRef = 181C5A0D18FF646D00173F0F /* UIKit.framework */; };
		181C5A2D18FF646D00173F0F /* InfoPlist.strings in Resources */ = {isa = PBXBuildFile; fileRef = 181C5A2B18FF646D00173F0F /* InfoPlist.strings */; };
		181C5A2F18FF646D00173F0F /* myGifTests.m in Sources */ = {isa = PBXBuildFile; fileRef = 181C5A2E18FF646D00173F0F /* myGifTests.m */; };
		181C5A6F18FF650600173F0F /* MBProgressHUD+Add.m in Sources */ = {isa = PBXBuildFile; fileRef = 181C5A3B18FF650600173F0F /* MBProgressHUD+Add.m */; };
		181C5A7018FF650600173F0F /* MBProgressHUD.bundle in Resources */ = {isa = PBXBuildFile; fileRef = 181C5A3C18FF650600173F0F /* MBProgressHUD.bundle */; };
		181C5A7118FF650600173F0F /* MBProgressHUD.m in Sources */ = {isa = PBXBuildFile; fileRef = 181C5A3E18FF650600173F0F /* MBProgressHUD.m */; };
		181C5A7218FF650600173F0F /* MJPhoto.m in Sources */ = {isa = PBXBuildFile; fileRef = 181C5A4118FF650600173F0F /* MJPhoto.m */; };
		181C5A7318FF650600173F0F /* MJPhotoBrowser.bundle in Resources */ = {isa = PBXBuildFile; fileRef = 181C5A4218FF650600173F0F /* MJPhotoBrowser.bundle */; };
		181C5A7418FF650600173F0F /* MJPhotoBrowser.m in Sources */ = {isa = PBXBuildFile; fileRef = 181C5A4418FF650600173F0F /* MJPhotoBrowser.m */; };
		181C5A7618FF650600173F0F /* MJPhotoProgressView.m in Sources */ = {isa = PBXBuildFile; fileRef = 181C5A4818FF650600173F0F /* MJPhotoProgressView.m */; };
		181C5A7718FF650600173F0F /* MJPhotoToolbar.m in Sources */ = {isa = PBXBuildFile; fileRef = 181C5A4A18FF650600173F0F /* MJPhotoToolbar.m */; };
		181C5A7818FF650600173F0F /* MJPhotoView.m in Sources */ = {isa = PBXBuildFile; fileRef = 181C5A4C18FF650600173F0F /* MJPhotoView.m */; };
		181C5A7918FF650600173F0F /* MKAnnotationView+WebCache.m in Sources */ = {isa = PBXBuildFile; fileRef = 181C5A4F18FF650600173F0F /* MKAnnotationView+WebCache.m */; };
		181C5A7A18FF650600173F0F /* NSData+GIF.m in Sources */ = {isa = PBXBuildFile; fileRef = 181C5A5118FF650600173F0F /* NSData+GIF.m */; };
		181C5A7B18FF650600173F0F /* SDImageCache.m in Sources */ = {isa = PBXBuildFile; fileRef = 181C5A5318FF650600173F0F /* SDImageCache.m */; };
		181C5A7C18FF650600173F0F /* SDWebImageCompat.m in Sources */ = {isa = PBXBuildFile; fileRef = 181C5A5518FF650600173F0F /* SDWebImageCompat.m */; };
		181C5A7D18FF650600173F0F /* SDWebImageDecoder.m in Sources */ = {isa = PBXBuildFile; fileRef = 181C5A5718FF650600173F0F /* SDWebImageDecoder.m */; };
		181C5A7E18FF650600173F0F /* SDWebImageDownloader.m in Sources */ = {isa = PBXBuildFile; fileRef = 181C5A5918FF650600173F0F /* SDWebImageDownloader.m */; };
		181C5A7F18FF650600173F0F /* SDWebImageDownloaderOperation.m in Sources */ = {isa = PBXBuildFile; fileRef = 181C5A5B18FF650600173F0F /* SDWebImageDownloaderOperation.m */; };
		181C5A8018FF650600173F0F /* SDWebImageManager+MJ.m in Sources */ = {isa = PBXBuildFile; fileRef = 181C5A5D18FF650600173F0F /* SDWebImageManager+MJ.m */; };
		181C5A8118FF650600173F0F /* SDWebImageManager.m in Sources */ = {isa = PBXBuildFile; fileRef = 181C5A5F18FF650600173F0F /* SDWebImageManager.m */; };
		181C5A8218FF650600173F0F /* SDWebImagePrefetcher.m in Sources */ = {isa = PBXBuildFile; fileRef = 181C5A6218FF650600173F0F /* SDWebImagePrefetcher.m */; };
		181C5A8318FF650600173F0F /* UIButton+WebCache.m in Sources */ = {isa = PBXBuildFile; fileRef = 181C5A6418FF650600173F0F /* UIButton+WebCache.m */; };
		181C5A8418FF650600173F0F /* UIImage+GIF.m in Sources */ = {isa = PBXBuildFile; fileRef = 181C5A6618FF650600173F0F /* UIImage+GIF.m */; };
		181C5A8518FF650600173F0F /* UIImage+MultiFormat.m in Sources */ = {isa = PBXBuildFile; fileRef = 181C5A6818FF650600173F0F /* UIImage+MultiFormat.m */; };
		181C5A8618FF650600173F0F /* UIImage+WebP.m in Sources */ = {isa = PBXBuildFile; fileRef = 181C5A6A18FF650600173F0F /* UIImage+WebP.m */; };
		181C5A8718FF650600173F0F /* UIImageView+MJWebCache.m in Sources */ = {isa = PBXBuildFile; fileRef = 181C5A6C18FF650600173F0F /* UIImageView+MJWebCache.m */; };
		181C5A8818FF650600173F0F /* UIImageView+WebCache.m in Sources */ = {isa = PBXBuildFile; fileRef = 181C5A6E18FF650600173F0F /* UIImageView+WebCache.m */; };
		181C5A8B18FF652A00173F0F /* SJBMyCollectViewController.m in Sources */ = {isa = PBXBuildFile; fileRef = 181C5A8A18FF652A00173F0F /* SJBMyCollectViewController.m */; };
		181C5A9018FF65BC00173F0F /* Navbar.m in Sources */ = {isa = PBXBuildFile; fileRef = 181C5A8F18FF65BC00173F0F /* Navbar.m */; };
		181C5A9318FF65C700173F0F /* BaseViewController.m in Sources */ = {isa = PBXBuildFile; fileRef = 181C5A9218FF65C700173F0F /* BaseViewController.m */; };
		181C5A9618FF65CC00173F0F /* ViewControllerFactory.m in Sources */ = {isa = PBXBuildFile; fileRef = 181C5A9518FF65CC00173F0F /* ViewControllerFactory.m */; };
		181C5A9A18FF664400173F0F /* UIImage+Line.m in Sources */ = {isa = PBXBuildFile; fileRef = 181C5A9918FF664400173F0F /* UIImage+Line.m */; };
		181C5A9C18FF6BD200173F0F /* naviBackground.png in Resources */ = {isa = PBXBuildFile; fileRef = 181C5A9B18FF6BD200173F0F /* naviBackground.png */; };
		181C5AA018FF99EA00173F0F /* Icon.png in Resources */ = {isa = PBXBuildFile; fileRef = 181C5A9F18FF99EA00173F0F /* Icon.png */; };
		298949C86BC246928AF485A4 /* libPods.a in Frameworks */ = {isa = PBXBuildFile; fileRef = FF37C6DAB3DF41888C0E176C /* libPods.a */; };
/* End PBXBuildFile section */

/* Begin PBXContainerItemProxy section */
		181C5A2618FF646D00173F0F /* PBXContainerItemProxy */ = {
			isa = PBXContainerItemProxy;
			containerPortal = 181C59FE18FF646D00173F0F /* Project object */;
			proxyType = 1;
			remoteGlobalIDString = 181C5A0518FF646D00173F0F;
			remoteInfo = myGif;
		};
/* End PBXContainerItemProxy section */

/* Begin PBXFileReference section */
		18087D971904FECB004408E9 /* AGViewController.h */ = {isa = PBXFileReference; fileEncoding = 4; lastKnownFileType = sourcecode.c.h; path = AGViewController.h; sourceTree = "<group>"; };
		18087D981904FECB004408E9 /* AGViewController.m */ = {isa = PBXFileReference; fileEncoding = 4; lastKnownFileType = sourcecode.c.objc; path = AGViewController.m; sourceTree = "<group>"; };
		18087D991904FECB004408E9 /* AGViewController_iPhone.xib */ = {isa = PBXFileReference; fileEncoding = 4; lastKnownFileType = file.xib; path = AGViewController_iPhone.xib; sourceTree = "<group>"; };
		18087D9F19050222004408E9 /* AGImagePickerController+Helper.h */ = {isa = PBXFileReference; fileEncoding = 4; lastKnownFileType = sourcecode.c.h; path = "AGImagePickerController+Helper.h"; sourceTree = "<group>"; };
		18087DA019050222004408E9 /* AGImagePickerController+Helper.m */ = {isa = PBXFileReference; fileEncoding = 4; lastKnownFileType = sourcecode.c.objc; path = "AGImagePickerController+Helper.m"; sourceTree = "<group>"; };
		18087DA119050222004408E9 /* AGImagePickerController.bundle */ = {isa = PBXFileReference; lastKnownFileType = "wrapper.plug-in"; path = AGImagePickerController.bundle; sourceTree = "<group>"; };
		18087DA219050222004408E9 /* AGImagePickerController.h */ = {isa = PBXFileReference; fileEncoding = 4; lastKnownFileType = sourcecode.c.h; path = AGImagePickerController.h; sourceTree = "<group>"; };
		18087DA319050222004408E9 /* AGImagePickerController.m */ = {isa = PBXFileReference; fileEncoding = 4; lastKnownFileType = sourcecode.c.objc; path = AGImagePickerController.m; sourceTree = "<group>"; };
		18087DA419050222004408E9 /* AGImagePickerControllerDefines.h */ = {isa = PBXFileReference; fileEncoding = 4; lastKnownFileType = sourcecode.c.h; path = AGImagePickerControllerDefines.h; sourceTree = "<group>"; };
		18087DA519050222004408E9 /* AGIPCAlbumsController.h */ = {isa = PBXFileReference; fileEncoding = 4; lastKnownFileType = sourcecode.c.h; path = AGIPCAlbumsController.h; sourceTree = "<group>"; };
		18087DA619050222004408E9 /* AGIPCAlbumsController.m */ = {isa = PBXFileReference; fileEncoding = 4; lastKnownFileType = sourcecode.c.objc; path = AGIPCAlbumsController.m; sourceTree = "<group>"; };
		18087DA719050222004408E9 /* AGIPCAssetsController.h */ = {isa = PBXFileReference; fileEncoding = 4; lastKnownFileType = sourcecode.c.h; path = AGIPCAssetsController.h; sourceTree = "<group>"; };
		18087DA819050222004408E9 /* AGIPCAssetsController.m */ = {isa = PBXFileReference; fileEncoding = 4; lastKnownFileType = sourcecode.c.objc; path = AGIPCAssetsController.m; sourceTree = "<group>"; };
		18087DA919050222004408E9 /* AGIPCGridCell.h */ = {isa = PBXFileReference; fileEncoding = 4; lastKnownFileType = sourcecode.c.h; path = AGIPCGridCell.h; sourceTree = "<group>"; };
		18087DAA19050222004408E9 /* AGIPCGridCell.m */ = {isa = PBXFileReference; fileEncoding = 4; lastKnownFileType = sourcecode.c.objc; path = AGIPCGridCell.m; sourceTree = "<group>"; };
		18087DAB19050222004408E9 /* AGIPCGridItem.h */ = {isa = PBXFileReference; fileEncoding = 4; lastKnownFileType = sourcecode.c.h; path = AGIPCGridItem.h; sourceTree = "<group>"; };
		18087DAC19050222004408E9 /* AGIPCGridItem.m */ = {isa = PBXFileReference; fileEncoding = 4; lastKnownFileType = sourcecode.c.objc; path = AGIPCGridItem.m; sourceTree = "<group>"; };
		18087DAD19050222004408E9 /* AGIPCToolbarItem.h */ = {isa = PBXFileReference; fileEncoding = 4; lastKnownFileType = sourcecode.c.h; path = AGIPCToolbarItem.h; sourceTree = "<group>"; };
		18087DAE19050222004408E9 /* AGIPCToolbarItem.m */ = {isa = PBXFileReference; fileEncoding = 4; lastKnownFileType = sourcecode.c.objc; path = AGIPCToolbarItem.m; sourceTree = "<group>"; };
		18087DAF19050222004408E9 /* ALAsset+AGIPC.h */ = {isa = PBXFileReference; fileEncoding = 4; lastKnownFileType = sourcecode.c.h; path = "ALAsset+AGIPC.h"; sourceTree = "<group>"; };
		18087DB019050222004408E9 /* ALAsset+AGIPC.m */ = {isa = PBXFileReference; fileEncoding = 4; lastKnownFileType = sourcecode.c.objc; path = "ALAsset+AGIPC.m"; sourceTree = "<group>"; };
		18087DBA19050B83004408E9 /* MoreViewController.h */ = {isa = PBXFileReference; fileEncoding = 4; lastKnownFileType = sourcecode.c.h; path = MoreViewController.h; sourceTree = "<group>"; };
		18087DBB19050B83004408E9 /* MoreViewController.m */ = {isa = PBXFileReference; fileEncoding = 4; lastKnownFileType = sourcecode.c.objc; path = MoreViewController.m; sourceTree = "<group>"; };
		18087DBC19050B83004408E9 /* MoreViewController.xib */ = {isa = PBXFileReference; fileEncoding = 4; lastKnownFileType = file.xib; path = MoreViewController.xib; sourceTree = "<group>"; };
		18087DBF19050CBD004408E9 /* LocalImageViewController.h */ = {isa = PBXFileReference; fileEncoding = 4; lastKnownFileType = sourcecode.c.h; path = LocalImageViewController.h; sourceTree = "<group>"; };
		18087DC019050CBD004408E9 /* LocalImageViewController.m */ = {isa = PBXFileReference; fileEncoding = 4; lastKnownFileType = sourcecode.c.objc; path = LocalImageViewController.m; sourceTree = "<group>"; };
		18087DC2190527AF004408E9 /* GifView.h */ = {isa = PBXFileReference; fileEncoding = 4; lastKnownFileType = sourcecode.c.h; path = GifView.h; sourceTree = "<group>"; };
		18087DC3190527AF004408E9 /* GifView.m */ = {isa = PBXFileReference; fileEncoding = 4; lastKnownFileType = sourcecode.c.objc; path = GifView.m; sourceTree = "<group>"; };
		18087DC51905296F004408E9 /* run.gif */ = {isa = PBXFileReference; lastKnownFileType = image.gif; path = run.gif; sourceTree = "<group>"; };
		181C5A0618FF646D00173F0F /* myGif.app */ = {isa = PBXFileReference; explicitFileType = wrapper.application; includeInIndex = 0; path = myGif.app; sourceTree = BUILT_PRODUCTS_DIR; };
		181C5A0918FF646D00173F0F /* Foundation.framework */ = {isa = PBXFileReference; lastKnownFileType = wrapper.framework; name = Foundation.framework; path = System/Library/Frameworks/Foundation.framework; sourceTree = SDKROOT; };
		181C5A0B18FF646D00173F0F /* CoreGraphics.framework */ = {isa = PBXFileReference; lastKnownFileType = wrapper.framework; name = CoreGraphics.framework; path = System/Library/Frameworks/CoreGraphics.framework; sourceTree = SDKROOT; };
		181C5A0D18FF646D00173F0F /* UIKit.framework */ = {isa = PBXFileReference; lastKnownFileType = wrapper.framework; name = UIKit.framework; path = System/Library/Frameworks/UIKit.framework; sourceTree = SDKROOT; };
		181C5A1118FF646D00173F0F /* myGif-Info.plist */ = {isa = PBXFileReference; lastKnownFileType = text.plist.xml; path = "myGif-Info.plist"; sourceTree = "<group>"; };
		181C5A1318FF646D00173F0F /* en */ = {isa = PBXFileReference; lastKnownFileType = text.plist.strings; name = en; path = en.lproj/InfoPlist.strings; sourceTree = "<group>"; };
		181C5A1518FF646D00173F0F /* main.m */ = {isa = PBXFileReference; lastKnownFileType = sourcecode.c.objc; path = main.m; sourceTree = "<group>"; };
		181C5A1718FF646D00173F0F /* myGif-Prefix.pch */ = {isa = PBXFileReference; lastKnownFileType = sourcecode.c.h; path = "myGif-Prefix.pch"; sourceTree = "<group>"; };
		181C5A1818FF646D00173F0F /* AppDelegate.h */ = {isa = PBXFileReference; lastKnownFileType = sourcecode.c.h; path = AppDelegate.h; sourceTree = "<group>"; };
		181C5A1918FF646D00173F0F /* AppDelegate.m */ = {isa = PBXFileReference; lastKnownFileType = sourcecode.c.objc; path = AppDelegate.m; sourceTree = "<group>"; };
		181C5A1B18FF646D00173F0F /* Images.xcassets */ = {isa = PBXFileReference; lastKnownFileType = folder.assetcatalog; path = Images.xcassets; sourceTree = "<group>"; };
		181C5A2118FF646D00173F0F /* myGifTests.xctest */ = {isa = PBXFileReference; explicitFileType = wrapper.cfbundle; includeInIndex = 0; path = myGifTests.xctest; sourceTree = BUILT_PRODUCTS_DIR; };
		181C5A2218FF646D00173F0F /* XCTest.framework */ = {isa = PBXFileReference; lastKnownFileType = wrapper.framework; name = XCTest.framework; path = Library/Frameworks/XCTest.framework; sourceTree = DEVELOPER_DIR; };
		181C5A2A18FF646D00173F0F /* myGifTests-Info.plist */ = {isa = PBXFileReference; lastKnownFileType = text.plist.xml; path = "myGifTests-Info.plist"; sourceTree = "<group>"; };
		181C5A2C18FF646D00173F0F /* en */ = {isa = PBXFileReference; lastKnownFileType = text.plist.strings; name = en; path = en.lproj/InfoPlist.strings; sourceTree = "<group>"; };
		181C5A2E18FF646D00173F0F /* myGifTests.m */ = {isa = PBXFileReference; lastKnownFileType = sourcecode.c.objc; path = myGifTests.m; sourceTree = "<group>"; };
		181C5A3A18FF650600173F0F /* MBProgressHUD+Add.h */ = {isa = PBXFileReference; fileEncoding = 4; lastKnownFileType = sourcecode.c.h; path = "MBProgressHUD+Add.h"; sourceTree = "<group>"; };
		181C5A3B18FF650600173F0F /* MBProgressHUD+Add.m */ = {isa = PBXFileReference; fileEncoding = 4; lastKnownFileType = sourcecode.c.objc; path = "MBProgressHUD+Add.m"; sourceTree = "<group>"; };
		181C5A3C18FF650600173F0F /* MBProgressHUD.bundle */ = {isa = PBXFileReference; lastKnownFileType = "wrapper.plug-in"; path = MBProgressHUD.bundle; sourceTree = "<group>"; };
		181C5A3D18FF650600173F0F /* MBProgressHUD.h */ = {isa = PBXFileReference; fileEncoding = 4; lastKnownFileType = sourcecode.c.h; path = MBProgressHUD.h; sourceTree = "<group>"; };
		181C5A3E18FF650600173F0F /* MBProgressHUD.m */ = {isa = PBXFileReference; fileEncoding = 4; lastKnownFileType = sourcecode.c.objc; path = MBProgressHUD.m; sourceTree = "<group>"; };
		181C5A4018FF650600173F0F /* MJPhoto.h */ = {isa = PBXFileReference; fileEncoding = 4; lastKnownFileType = sourcecode.c.h; path = MJPhoto.h; sourceTree = "<group>"; };
		181C5A4118FF650600173F0F /* MJPhoto.m */ = {isa = PBXFileReference; fileEncoding = 4; lastKnownFileType = sourcecode.c.objc; path = MJPhoto.m; sourceTree = "<group>"; };
		181C5A4218FF650600173F0F /* MJPhotoBrowser.bundle */ = {isa = PBXFileReference; lastKnownFileType = "wrapper.plug-in"; path = MJPhotoBrowser.bundle; sourceTree = "<group>"; };
		181C5A4318FF650600173F0F /* MJPhotoBrowser.h */ = {isa = PBXFileReference; fileEncoding = 4; lastKnownFileType = sourcecode.c.h; path = MJPhotoBrowser.h; sourceTree = "<group>"; };
		181C5A4418FF650600173F0F /* MJPhotoBrowser.m */ = {isa = PBXFileReference; fileEncoding = 4; lastKnownFileType = sourcecode.c.objc; path = MJPhotoBrowser.m; sourceTree = "<group>"; };
		181C5A4718FF650600173F0F /* MJPhotoProgressView.h */ = {isa = PBXFileReference; fileEncoding = 4; lastKnownFileType = sourcecode.c.h; path = MJPhotoProgressView.h; sourceTree = "<group>"; };
		181C5A4818FF650600173F0F /* MJPhotoProgressView.m */ = {isa = PBXFileReference; fileEncoding = 4; lastKnownFileType = sourcecode.c.objc; path = MJPhotoProgressView.m; sourceTree = "<group>"; };
		181C5A4918FF650600173F0F /* MJPhotoToolbar.h */ = {isa = PBXFileReference; fileEncoding = 4; lastKnownFileType = sourcecode.c.h; path = MJPhotoToolbar.h; sourceTree = "<group>"; };
		181C5A4A18FF650600173F0F /* MJPhotoToolbar.m */ = {isa = PBXFileReference; fileEncoding = 4; lastKnownFileType = sourcecode.c.objc; path = MJPhotoToolbar.m; sourceTree = "<group>"; };
		181C5A4B18FF650600173F0F /* MJPhotoView.h */ = {isa = PBXFileReference; fileEncoding = 4; lastKnownFileType = sourcecode.c.h; path = MJPhotoView.h; sourceTree = "<group>"; };
		181C5A4C18FF650600173F0F /* MJPhotoView.m */ = {isa = PBXFileReference; fileEncoding = 4; lastKnownFileType = sourcecode.c.objc; path = MJPhotoView.m; sourceTree = "<group>"; };
		181C5A4E18FF650600173F0F /* MKAnnotationView+WebCache.h */ = {isa = PBXFileReference; fileEncoding = 4; lastKnownFileType = sourcecode.c.h; path = "MKAnnotationView+WebCache.h"; sourceTree = "<group>"; };
		181C5A4F18FF650600173F0F /* MKAnnotationView+WebCache.m */ = {isa = PBXFileReference; fileEncoding = 4; lastKnownFileType = sourcecode.c.objc; path = "MKAnnotationView+WebCache.m"; sourceTree = "<group>"; };
		181C5A5018FF650600173F0F /* NSData+GIF.h */ = {isa = PBXFileReference; fileEncoding = 4; lastKnownFileType = sourcecode.c.h; path = "NSData+GIF.h"; sourceTree = "<group>"; };
		181C5A5118FF650600173F0F /* NSData+GIF.m */ = {isa = PBXFileReference; fileEncoding = 4; lastKnownFileType = sourcecode.c.objc; path = "NSData+GIF.m"; sourceTree = "<group>"; };
		181C5A5218FF650600173F0F /* SDImageCache.h */ = {isa = PBXFileReference; fileEncoding = 4; lastKnownFileType = sourcecode.c.h; path = SDImageCache.h; sourceTree = "<group>"; };
		181C5A5318FF650600173F0F /* SDImageCache.m */ = {isa = PBXFileReference; fileEncoding = 4; lastKnownFileType = sourcecode.c.objc; path = SDImageCache.m; sourceTree = "<group>"; };
		181C5A5418FF650600173F0F /* SDWebImageCompat.h */ = {isa = PBXFileReference; fileEncoding = 4; lastKnownFileType = sourcecode.c.h; path = SDWebImageCompat.h; sourceTree = "<group>"; };
		181C5A5518FF650600173F0F /* SDWebImageCompat.m */ = {isa = PBXFileReference; fileEncoding = 4; lastKnownFileType = sourcecode.c.objc; path = SDWebImageCompat.m; sourceTree = "<group>"; };
		181C5A5618FF650600173F0F /* SDWebImageDecoder.h */ = {isa = PBXFileReference; fileEncoding = 4; lastKnownFileType = sourcecode.c.h; path = SDWebImageDecoder.h; sourceTree = "<group>"; };
		181C5A5718FF650600173F0F /* SDWebImageDecoder.m */ = {isa = PBXFileReference; fileEncoding = 4; lastKnownFileType = sourcecode.c.objc; path = SDWebImageDecoder.m; sourceTree = "<group>"; };
		181C5A5818FF650600173F0F /* SDWebImageDownloader.h */ = {isa = PBXFileReference; fileEncoding = 4; lastKnownFileType = sourcecode.c.h; path = SDWebImageDownloader.h; sourceTree = "<group>"; };
		181C5A5918FF650600173F0F /* SDWebImageDownloader.m */ = {isa = PBXFileReference; fileEncoding = 4; lastKnownFileType = sourcecode.c.objc; path = SDWebImageDownloader.m; sourceTree = "<group>"; };
		181C5A5A18FF650600173F0F /* SDWebImageDownloaderOperation.h */ = {isa = PBXFileReference; fileEncoding = 4; lastKnownFileType = sourcecode.c.h; path = SDWebImageDownloaderOperation.h; sourceTree = "<group>"; };
		181C5A5B18FF650600173F0F /* SDWebImageDownloaderOperation.m */ = {isa = PBXFileReference; fileEncoding = 4; lastKnownFileType = sourcecode.c.objc; path = SDWebImageDownloaderOperation.m; sourceTree = "<group>"; };
		181C5A5C18FF650600173F0F /* SDWebImageManager+MJ.h */ = {isa = PBXFileReference; fileEncoding = 4; lastKnownFileType = sourcecode.c.h; path = "SDWebImageManager+MJ.h"; sourceTree = "<group>"; };
		181C5A5D18FF650600173F0F /* SDWebImageManager+MJ.m */ = {isa = PBXFileReference; fileEncoding = 4; lastKnownFileType = sourcecode.c.objc; path = "SDWebImageManager+MJ.m"; sourceTree = "<group>"; };
		181C5A5E18FF650600173F0F /* SDWebImageManager.h */ = {isa = PBXFileReference; fileEncoding = 4; lastKnownFileType = sourcecode.c.h; path = SDWebImageManager.h; sourceTree = "<group>"; };
		181C5A5F18FF650600173F0F /* SDWebImageManager.m */ = {isa = PBXFileReference; fileEncoding = 4; lastKnownFileType = sourcecode.c.objc; path = SDWebImageManager.m; sourceTree = "<group>"; };
		181C5A6018FF650600173F0F /* SDWebImageOperation.h */ = {isa = PBXFileReference; fileEncoding = 4; lastKnownFileType = sourcecode.c.h; path = SDWebImageOperation.h; sourceTree = "<group>"; };
		181C5A6118FF650600173F0F /* SDWebImagePrefetcher.h */ = {isa = PBXFileReference; fileEncoding = 4; lastKnownFileType = sourcecode.c.h; path = SDWebImagePrefetcher.h; sourceTree = "<group>"; };
		181C5A6218FF650600173F0F /* SDWebImagePrefetcher.m */ = {isa = PBXFileReference; fileEncoding = 4; lastKnownFileType = sourcecode.c.objc; path = SDWebImagePrefetcher.m; sourceTree = "<group>"; };
		181C5A6318FF650600173F0F /* UIButton+WebCache.h */ = {isa = PBXFileReference; fileEncoding = 4; lastKnownFileType = sourcecode.c.h; path = "UIButton+WebCache.h"; sourceTree = "<group>"; };
		181C5A6418FF650600173F0F /* UIButton+WebCache.m */ = {isa = PBXFileReference; fileEncoding = 4; lastKnownFileType = sourcecode.c.objc; path = "UIButton+WebCache.m"; sourceTree = "<group>"; };
		181C5A6518FF650600173F0F /* UIImage+GIF.h */ = {isa = PBXFileReference; fileEncoding = 4; lastKnownFileType = sourcecode.c.h; path = "UIImage+GIF.h"; sourceTree = "<group>"; };
		181C5A6618FF650600173F0F /* UIImage+GIF.m */ = {isa = PBXFileReference; fileEncoding = 4; lastKnownFileType = sourcecode.c.objc; path = "UIImage+GIF.m"; sourceTree = "<group>"; };
		181C5A6718FF650600173F0F /* UIImage+MultiFormat.h */ = {isa = PBXFileReference; fileEncoding = 4; lastKnownFileType = sourcecode.c.h; path = "UIImage+MultiFormat.h"; sourceTree = "<group>"; };
		181C5A6818FF650600173F0F /* UIImage+MultiFormat.m */ = {isa = PBXFileReference; fileEncoding = 4; lastKnownFileType = sourcecode.c.objc; path = "UIImage+MultiFormat.m"; sourceTree = "<group>"; };
		181C5A6918FF650600173F0F /* UIImage+WebP.h */ = {isa = PBXFileReference; fileEncoding = 4; lastKnownFileType = sourcecode.c.h; path = "UIImage+WebP.h"; sourceTree = "<group>"; };
		181C5A6A18FF650600173F0F /* UIImage+WebP.m */ = {isa = PBXFileReference; fileEncoding = 4; lastKnownFileType = sourcecode.c.objc; path = "UIImage+WebP.m"; sourceTree = "<group>"; };
		181C5A6B18FF650600173F0F /* UIImageView+MJWebCache.h */ = {isa = PBXFileReference; fileEncoding = 4; lastKnownFileType = sourcecode.c.h; path = "UIImageView+MJWebCache.h"; sourceTree = "<group>"; };
		181C5A6C18FF650600173F0F /* UIImageView+MJWebCache.m */ = {isa = PBXFileReference; fileEncoding = 4; lastKnownFileType = sourcecode.c.objc; path = "UIImageView+MJWebCache.m"; sourceTree = "<group>"; };
		181C5A6D18FF650600173F0F /* UIImageView+WebCache.h */ = {isa = PBXFileReference; fileEncoding = 4; lastKnownFileType = sourcecode.c.h; path = "UIImageView+WebCache.h"; sourceTree = "<group>"; };
		181C5A6E18FF650600173F0F /* UIImageView+WebCache.m */ = {isa = PBXFileReference; fileEncoding = 4; lastKnownFileType = sourcecode.c.objc; path = "UIImageView+WebCache.m"; sourceTree = "<group>"; };
		181C5A8918FF652A00173F0F /* SJBMyCollectViewController.h */ = {isa = PBXFileReference; fileEncoding = 4; lastKnownFileType = sourcecode.c.h; path = SJBMyCollectViewController.h; sourceTree = "<group>"; };
		181C5A8A18FF652A00173F0F /* SJBMyCollectViewController.m */ = {isa = PBXFileReference; fileEncoding = 4; lastKnownFileType = sourcecode.c.objc; path = SJBMyCollectViewController.m; sourceTree = "<group>"; };
		181C5A8E18FF65BC00173F0F /* Navbar.h */ = {isa = PBXFileReference; fileEncoding = 4; lastKnownFileType = sourcecode.c.h; path = Navbar.h; sourceTree = "<group>"; };
		181C5A8F18FF65BC00173F0F /* Navbar.m */ = {isa = PBXFileReference; fileEncoding = 4; lastKnownFileType = sourcecode.c.objc; path = Navbar.m; sourceTree = "<group>"; };
		181C5A9118FF65C700173F0F /* BaseViewController.h */ = {isa = PBXFileReference; fileEncoding = 4; lastKnownFileType = sourcecode.c.h; path = BaseViewController.h; sourceTree = "<group>"; };
		181C5A9218FF65C700173F0F /* BaseViewController.m */ = {isa = PBXFileReference; fileEncoding = 4; lastKnownFileType = sourcecode.c.objc; path = BaseViewController.m; sourceTree = "<group>"; };
		181C5A9418FF65CC00173F0F /* ViewControllerFactory.h */ = {isa = PBXFileReference; fileEncoding = 4; lastKnownFileType = sourcecode.c.h; path = ViewControllerFactory.h; sourceTree = "<group>"; };
		181C5A9518FF65CC00173F0F /* ViewControllerFactory.m */ = {isa = PBXFileReference; fileEncoding = 4; lastKnownFileType = sourcecode.c.objc; path = ViewControllerFactory.m; sourceTree = "<group>"; };
		181C5A9718FF65D600173F0F /* SJBDisplayConfig.h */ = {isa = PBXFileReference; lastKnownFileType = sourcecode.c.h; path = SJBDisplayConfig.h; sourceTree = "<group>"; };
		181C5A9818FF664400173F0F /* UIImage+Line.h */ = {isa = PBXFileReference; fileEncoding = 4; lastKnownFileType = sourcecode.c.h; path = "UIImage+Line.h"; sourceTree = "<group>"; };
		181C5A9918FF664400173F0F /* UIImage+Line.m */ = {isa = PBXFileReference; fileEncoding = 4; lastKnownFileType = sourcecode.c.objc; path = "UIImage+Line.m"; sourceTree = "<group>"; };
		181C5A9B18FF6BD200173F0F /* naviBackground.png */ = {isa = PBXFileReference; lastKnownFileType = image.png; path = naviBackground.png; sourceTree = "<group>"; };
		181C5A9F18FF99EA00173F0F /* Icon.png */ = {isa = PBXFileReference; lastKnownFileType = image.png; path = Icon.png; sourceTree = "<group>"; };
		18EAE8271900BD4F00255212 /* SJBGeneralConfig.h */ = {isa = PBXFileReference; fileEncoding = 4; lastKnownFileType = sourcecode.c.h; path = SJBGeneralConfig.h; sourceTree = "<group>"; };
		BDB9CCA3F4D943E6A7565CC1 /* Pods.xcconfig */ = {isa = PBXFileReference; includeInIndex = 1; lastKnownFileType = text.xcconfig; name = Pods.xcconfig; path = Pods/Pods.xcconfig; sourceTree = "<group>"; };
		FF37C6DAB3DF41888C0E176C /* libPods.a */ = {isa = PBXFileReference; explicitFileType = archive.ar; includeInIndex = 0; path = libPods.a; sourceTree = BUILT_PRODUCTS_DIR; };
/* End PBXFileReference section */

/* Begin PBXFrameworksBuildPhase section */
		181C5A0318FF646D00173F0F /* Frameworks */ = {
			isa = PBXFrameworksBuildPhase;
			buildActionMask = 2147483647;
			files = (
				181C5A0C18FF646D00173F0F /* CoreGraphics.framework in Frameworks */,
				181C5A0E18FF646D00173F0F /* UIKit.framework in Frameworks */,
				181C5A0A18FF646D00173F0F /* Foundation.framework in Frameworks */,
				298949C86BC246928AF485A4 /* libPods.a in Frameworks */,
			);
			runOnlyForDeploymentPostprocessing = 0;
		};
		181C5A1E18FF646D00173F0F /* Frameworks */ = {
			isa = PBXFrameworksBuildPhase;
			buildActionMask = 2147483647;
			files = (
				181C5A2318FF646D00173F0F /* XCTest.framework in Frameworks */,
				181C5A2518FF646D00173F0F /* UIKit.framework in Frameworks */,
				181C5A2418FF646D00173F0F /* Foundation.framework in Frameworks */,
			);
			runOnlyForDeploymentPostprocessing = 0;
		};
/* End PBXFrameworksBuildPhase section */

/* Begin PBXGroup section */
		18087D9E19050222004408E9 /* AGImagePickerController */ = {
			isa = PBXGroup;
			children = (
				18087D9F19050222004408E9 /* AGImagePickerController+Helper.h */,
				18087DA019050222004408E9 /* AGImagePickerController+Helper.m */,
				18087DA119050222004408E9 /* AGImagePickerController.bundle */,
				18087DA219050222004408E9 /* AGImagePickerController.h */,
				18087DA319050222004408E9 /* AGImagePickerController.m */,
				18087DA419050222004408E9 /* AGImagePickerControllerDefines.h */,
				18087DA519050222004408E9 /* AGIPCAlbumsController.h */,
				18087DA619050222004408E9 /* AGIPCAlbumsController.m */,
				18087DA719050222004408E9 /* AGIPCAssetsController.h */,
				18087DA819050222004408E9 /* AGIPCAssetsController.m */,
				18087DA919050222004408E9 /* AGIPCGridCell.h */,
				18087DAA19050222004408E9 /* AGIPCGridCell.m */,
				18087DAB19050222004408E9 /* AGIPCGridItem.h */,
				18087DAC19050222004408E9 /* AGIPCGridItem.m */,
				18087DAD19050222004408E9 /* AGIPCToolbarItem.h */,
				18087DAE19050222004408E9 /* AGIPCToolbarItem.m */,
				18087DAF19050222004408E9 /* ALAsset+AGIPC.h */,
				18087DB019050222004408E9 /* ALAsset+AGIPC.m */,
			);
			path = AGImagePickerController;
			sourceTree = "<group>";
		};
		181C59FD18FF646D00173F0F = {
			isa = PBXGroup;
			children = (
				181C5A0F18FF646D00173F0F /* myGif */,
				181C5A2818FF646D00173F0F /* myGifTests */,
				181C5A0818FF646D00173F0F /* Frameworks */,
				181C5A0718FF646D00173F0F /* Products */,
				BDB9CCA3F4D943E6A7565CC1 /* Pods.xcconfig */,
			);
			sourceTree = "<group>";
		};
		181C5A0718FF646D00173F0F /* Products */ = {
			isa = PBXGroup;
			children = (
				181C5A0618FF646D00173F0F /* myGif.app */,
				181C5A2118FF646D00173F0F /* myGifTests.xctest */,
			);
			name = Products;
			sourceTree = "<group>";
		};
		181C5A0818FF646D00173F0F /* Frameworks */ = {
			isa = PBXGroup;
			children = (
				181C5A0918FF646D00173F0F /* Foundation.framework */,
				181C5A0B18FF646D00173F0F /* CoreGraphics.framework */,
				181C5A0D18FF646D00173F0F /* UIKit.framework */,
				181C5A2218FF646D00173F0F /* XCTest.framework */,
				FF37C6DAB3DF41888C0E176C /* libPods.a */,
			);
			name = Frameworks;
			sourceTree = "<group>";
		};
		181C5A0F18FF646D00173F0F /* myGif */ = {
			isa = PBXGroup;
			children = (
				181C5A3818FF650600173F0F /* lib */,
				181C5A1818FF646D00173F0F /* AppDelegate.h */,
				181C5A1918FF646D00173F0F /* AppDelegate.m */,
				181C5A8918FF652A00173F0F /* SJBMyCollectViewController.h */,
				181C5A8A18FF652A00173F0F /* SJBMyCollectViewController.m */,
				18087DBA19050B83004408E9 /* MoreViewController.h */,
				18087DBB19050B83004408E9 /* MoreViewController.m */,
				18087DBC19050B83004408E9 /* MoreViewController.xib */,
				18087D971904FECB004408E9 /* AGViewController.h */,
				18087D981904FECB004408E9 /* AGViewController.m */,
				18087D991904FECB004408E9 /* AGViewController_iPhone.xib */,
				18087DBF19050CBD004408E9 /* LocalImageViewController.h */,
				18087DC019050CBD004408E9 /* LocalImageViewController.m */,
				18087DC2190527AF004408E9 /* GifView.h */,
				18087DC3190527AF004408E9 /* GifView.m */,
				18087DC51905296F004408E9 /* run.gif */,
				181C5A9F18FF99EA00173F0F /* Icon.png */,
				181C5A8D18FF65A400173F0F /* base */,
				181C5A1B18FF646D00173F0F /* Images.xcassets */,
				181C5A1018FF646D00173F0F /* Supporting Files */,
			);
			path = myGif;
			sourceTree = "<group>";
		};
		181C5A1018FF646D00173F0F /* Supporting Files */ = {
			isa = PBXGroup;
			children = (
				181C5A1118FF646D00173F0F /* myGif-Info.plist */,
				181C5A1218FF646D00173F0F /* InfoPlist.strings */,
				181C5A1518FF646D00173F0F /* main.m */,
				181C5A1718FF646D00173F0F /* myGif-Prefix.pch */,
			);
			name = "Supporting Files";
			sourceTree = "<group>";
		};
		181C5A2818FF646D00173F0F /* myGifTests */ = {
			isa = PBXGroup;
			children = (
				181C5A2E18FF646D00173F0F /* myGifTests.m */,
				181C5A2918FF646D00173F0F /* Supporting Files */,
			);
			path = myGifTests;
			sourceTree = "<group>";
		};
		181C5A2918FF646D00173F0F /* Supporting Files */ = {
			isa = PBXGroup;
			children = (
				181C5A2A18FF646D00173F0F /* myGifTests-Info.plist */,
				181C5A2B18FF646D00173F0F /* InfoPlist.strings */,
			);
			name = "Supporting Files";
			sourceTree = "<group>";
		};
		181C5A3818FF650600173F0F /* lib */ = {
			isa = PBXGroup;
			children = (
				18087D9E19050222004408E9 /* AGImagePickerController */,
				181C5A3918FF650600173F0F /* MBProgressHUD */,
				181C5A3F18FF650600173F0F /* MJPhotoBrowser */,
				181C5A4D18FF650600173F0F /* SDWebImage */,
			);
			path = lib;
			sourceTree = "<group>";
		};
		181C5A3918FF650600173F0F /* MBProgressHUD */ = {
			isa = PBXGroup;
			children = (
				181C5A3A18FF650600173F0F /* MBProgressHUD+Add.h */,
				181C5A3B18FF650600173F0F /* MBProgressHUD+Add.m */,
				181C5A3C18FF650600173F0F /* MBProgressHUD.bundle */,
				181C5A3D18FF650600173F0F /* MBProgressHUD.h */,
				181C5A3E18FF650600173F0F /* MBProgressHUD.m */,
			);
			path = MBProgressHUD;
			sourceTree = "<group>";
		};
		181C5A3F18FF650600173F0F /* MJPhotoBrowser */ = {
			isa = PBXGroup;
			children = (
				181C5A4018FF650600173F0F /* MJPhoto.h */,
				181C5A4118FF650600173F0F /* MJPhoto.m */,
				181C5A4218FF650600173F0F /* MJPhotoBrowser.bundle */,
				181C5A4318FF650600173F0F /* MJPhotoBrowser.h */,
				181C5A4418FF650600173F0F /* MJPhotoBrowser.m */,
				181C5A4718FF650600173F0F /* MJPhotoProgressView.h */,
				181C5A4818FF650600173F0F /* MJPhotoProgressView.m */,
				181C5A4918FF650600173F0F /* MJPhotoToolbar.h */,
				181C5A4A18FF650600173F0F /* MJPhotoToolbar.m */,
				181C5A4B18FF650600173F0F /* MJPhotoView.h */,
				181C5A4C18FF650600173F0F /* MJPhotoView.m */,
			);
			path = MJPhotoBrowser;
			sourceTree = "<group>";
		};
		181C5A4D18FF650600173F0F /* SDWebImage */ = {
			isa = PBXGroup;
			children = (
				181C5A4E18FF650600173F0F /* MKAnnotationView+WebCache.h */,
				181C5A4F18FF650600173F0F /* MKAnnotationView+WebCache.m */,
				181C5A5018FF650600173F0F /* NSData+GIF.h */,
				181C5A5118FF650600173F0F /* NSData+GIF.m */,
				181C5A5218FF650600173F0F /* SDImageCache.h */,
				181C5A5318FF650600173F0F /* SDImageCache.m */,
				181C5A5418FF650600173F0F /* SDWebImageCompat.h */,
				181C5A5518FF650600173F0F /* SDWebImageCompat.m */,
				181C5A5618FF650600173F0F /* SDWebImageDecoder.h */,
				181C5A5718FF650600173F0F /* SDWebImageDecoder.m */,
				181C5A5818FF650600173F0F /* SDWebImageDownloader.h */,
				181C5A5918FF650600173F0F /* SDWebImageDownloader.m */,
				181C5A5A18FF650600173F0F /* SDWebImageDownloaderOperation.h */,
				181C5A5B18FF650600173F0F /* SDWebImageDownloaderOperation.m */,
				181C5A5C18FF650600173F0F /* SDWebImageManager+MJ.h */,
				181C5A5D18FF650600173F0F /* SDWebImageManager+MJ.m */,
				181C5A5E18FF650600173F0F /* SDWebImageManager.h */,
				181C5A5F18FF650600173F0F /* SDWebImageManager.m */,
				181C5A6018FF650600173F0F /* SDWebImageOperation.h */,
				181C5A6118FF650600173F0F /* SDWebImagePrefetcher.h */,
				181C5A6218FF650600173F0F /* SDWebImagePrefetcher.m */,
				181C5A6318FF650600173F0F /* UIButton+WebCache.h */,
				181C5A6418FF650600173F0F /* UIButton+WebCache.m */,
				181C5A6518FF650600173F0F /* UIImage+GIF.h */,
				181C5A6618FF650600173F0F /* UIImage+GIF.m */,
				181C5A6718FF650600173F0F /* UIImage+MultiFormat.h */,
				181C5A6818FF650600173F0F /* UIImage+MultiFormat.m */,
				181C5A6918FF650600173F0F /* UIImage+WebP.h */,
				181C5A6A18FF650600173F0F /* UIImage+WebP.m */,
				181C5A6B18FF650600173F0F /* UIImageView+MJWebCache.h */,
				181C5A6C18FF650600173F0F /* UIImageView+MJWebCache.m */,
				181C5A6D18FF650600173F0F /* UIImageView+WebCache.h */,
				181C5A6E18FF650600173F0F /* UIImageView+WebCache.m */,
			);
			path = SDWebImage;
			sourceTree = "<group>";
		};
		181C5A8D18FF65A400173F0F /* base */ = {
			isa = PBXGroup;
			children = (
				18EAE8271900BD4F00255212 /* SJBGeneralConfig.h */,
				181C5A9718FF65D600173F0F /* SJBDisplayConfig.h */,
				181C5A8E18FF65BC00173F0F /* Navbar.h */,
				181C5A8F18FF65BC00173F0F /* Navbar.m */,
				181C5A9118FF65C700173F0F /* BaseViewController.h */,
				181C5A9218FF65C700173F0F /* BaseViewController.m */,
				181C5A9418FF65CC00173F0F /* ViewControllerFactory.h */,
				181C5A9518FF65CC00173F0F /* ViewControllerFactory.m */,
				181C5A9818FF664400173F0F /* UIImage+Line.h */,
				181C5A9918FF664400173F0F /* UIImage+Line.m */,
				181C5A9B18FF6BD200173F0F /* naviBackground.png */,
			);
			name = base;
			sourceTree = "<group>";
		};
/* End PBXGroup section */

/* Begin PBXNativeTarget section */
		181C5A0518FF646D00173F0F /* myGif */ = {
			isa = PBXNativeTarget;
			buildConfigurationList = 181C5A3218FF646D00173F0F /* Build configuration list for PBXNativeTarget "myGif" */;
			buildPhases = (
				49CBE1E1DF9F48CFAFE65FE0 /* Check Pods Manifest.lock */,
				181C5A0218FF646D00173F0F /* Sources */,
				181C5A0318FF646D00173F0F /* Frameworks */,
				181C5A0418FF646D00173F0F /* Resources */,
				450C51E159EC41DDA628A0A4 /* Copy Pods Resources */,
			);
			buildRules = (
			);
			dependencies = (
			);
			name = myGif;
			productName = myGif;
			productReference = 181C5A0618FF646D00173F0F /* myGif.app */;
			productType = "com.apple.product-type.application";
		};
		181C5A2018FF646D00173F0F /* myGifTests */ = {
			isa = PBXNativeTarget;
			buildConfigurationList = 181C5A3518FF646D00173F0F /* Build configuration list for PBXNativeTarget "myGifTests" */;
			buildPhases = (
				181C5A1D18FF646D00173F0F /* Sources */,
				181C5A1E18FF646D00173F0F /* Frameworks */,
				181C5A1F18FF646D00173F0F /* Resources */,
			);
			buildRules = (
			);
			dependencies = (
				181C5A2718FF646D00173F0F /* PBXTargetDependency */,
			);
			name = myGifTests;
			productName = myGifTests;
			productReference = 181C5A2118FF646D00173F0F /* myGifTests.xctest */;
			productType = "com.apple.product-type.bundle.unit-test";
		};
/* End PBXNativeTarget section */

/* Begin PBXProject section */
		181C59FE18FF646D00173F0F /* Project object */ = {
			isa = PBXProject;
			attributes = {
				LastUpgradeCheck = 0510;
				ORGANIZATIONNAME = apple;
				TargetAttributes = {
					181C5A2018FF646D00173F0F = {
						TestTargetID = 181C5A0518FF646D00173F0F;
					};
				};
			};
			buildConfigurationList = 181C5A0118FF646D00173F0F /* Build configuration list for PBXProject "myGif" */;
			compatibilityVersion = "Xcode 3.2";
			developmentRegion = English;
			hasScannedForEncodings = 0;
			knownRegions = (
				en,
			);
			mainGroup = 181C59FD18FF646D00173F0F;
			productRefGroup = 181C5A0718FF646D00173F0F /* Products */;
			projectDirPath = "";
			projectRoot = "";
			targets = (
				181C5A0518FF646D00173F0F /* myGif */,
				181C5A2018FF646D00173F0F /* myGifTests */,
			);
		};
/* End PBXProject section */

/* Begin PBXResourcesBuildPhase section */
		181C5A0418FF646D00173F0F /* Resources */ = {
			isa = PBXResourcesBuildPhase;
			buildActionMask = 2147483647;
			files = (
				181C5AA018FF99EA00173F0F /* Icon.png in Resources */,
				181C5A1418FF646D00173F0F /* InfoPlist.strings in Resources */,
				181C5A1C18FF646D00173F0F /* Images.xcassets in Resources */,
				18087DB219050222004408E9 /* AGImagePickerController.bundle in Resources */,
				181C5A9C18FF6BD200173F0F /* naviBackground.png in Resources */,
				18087D9C1904FECB004408E9 /* AGViewController_iPhone.xib in Resources */,
				181C5A7318FF650600173F0F /* MJPhotoBrowser.bundle in Resources */,
				18087DBE19050B83004408E9 /* MoreViewController.xib in Resources */,
				18087DC61905296F004408E9 /* run.gif in Resources */,
				181C5A7018FF650600173F0F /* MBProgressHUD.bundle in Resources */,
			);
			runOnlyForDeploymentPostprocessing = 0;
		};
		181C5A1F18FF646D00173F0F /* Resources */ = {
			isa = PBXResourcesBuildPhase;
			buildActionMask = 2147483647;
			files = (
				181C5A2D18FF646D00173F0F /* InfoPlist.strings in Resources */,
			);
			runOnlyForDeploymentPostprocessing = 0;
		};
/* End PBXResourcesBuildPhase section */

/* Begin PBXShellScriptBuildPhase section */
		450C51E159EC41DDA628A0A4 /* Copy Pods Resources */ = {
			isa = PBXShellScriptBuildPhase;
			buildActionMask = 2147483647;
			files = (
			);
			inputPaths = (
			);
			name = "Copy Pods Resources";
			outputPaths = (
			);
			runOnlyForDeploymentPostprocessing = 0;
			shellPath = /bin/sh;
			shellScript = "\"${SRCROOT}/Pods/Pods-resources.sh\"\n";
			showEnvVarsInLog = 0;
		};
		49CBE1E1DF9F48CFAFE65FE0 /* Check Pods Manifest.lock */ = {
			isa = PBXShellScriptBuildPhase;
			buildActionMask = 2147483647;
			files = (
			);
			inputPaths = (
			);
			name = "Check Pods Manifest.lock";
			outputPaths = (
			);
			runOnlyForDeploymentPostprocessing = 0;
			shellPath = /bin/sh;
			shellScript = "diff \"${PODS_ROOT}/../Podfile.lock\" \"${PODS_ROOT}/Manifest.lock\" > /dev/null\nif [[ $? != 0 ]] ; then\n    cat << EOM\nerror: The sandbox is not in sync with the Podfile.lock. Run 'pod install' or update your CocoaPods installation.\nEOM\n    exit 1\nfi\n";
			showEnvVarsInLog = 0;
		};
/* End PBXShellScriptBuildPhase section */

/* Begin PBXSourcesBuildPhase section */
		181C5A0218FF646D00173F0F /* Sources */ = {
			isa = PBXSourcesBuildPhase;
			buildActionMask = 2147483647;
			files = (
				18087DB419050222004408E9 /* AGIPCAlbumsController.m in Sources */,
				181C5A8418FF650600173F0F /* UIImage+GIF.m in Sources */,
				18087DB519050222004408E9 /* AGIPCAssetsController.m in Sources */,
				181C5A7818FF650600173F0F /* MJPhotoView.m in Sources */,
				18087D9B1904FECB004408E9 /* AGViewController.m in Sources */,
				181C5A8218FF650600173F0F /* SDWebImagePrefetcher.m in Sources */,
				181C5A7918FF650600173F0F /* MKAnnotationView+WebCache.m in Sources */,
				181C5A8018FF650600173F0F /* SDWebImageManager+MJ.m in Sources */,
				18087DB119050222004408E9 /* AGImagePickerController+Helper.m in Sources */,
				18087DBD19050B83004408E9 /* MoreViewController.m in Sources */,
				18087DC119050CBD004408E9 /* LocalImageViewController.m in Sources */,
				181C5A9618FF65CC00173F0F /* ViewControllerFactory.m in Sources */,
				181C5A9318FF65C700173F0F /* BaseViewController.m in Sources */,
				181C5A7718FF650600173F0F /* MJPhotoToolbar.m in Sources */,
				181C5A1A18FF646D00173F0F /* AppDelegate.m in Sources */,
				181C5A7618FF650600173F0F /* MJPhotoProgressView.m in Sources */,
				181C5A8718FF650600173F0F /* UIImageView+MJWebCache.m in Sources */,
				181C5A8318FF650600173F0F /* UIButton+WebCache.m in Sources */,
				18087DB619050222004408E9 /* AGIPCGridCell.m in Sources */,
				181C5A7C18FF650600173F0F /* SDWebImageCompat.m in Sources */,
				181C5A7218FF650600173F0F /* MJPhoto.m in Sources */,
				18087DB919050222004408E9 /* ALAsset+AGIPC.m in Sources */,
				181C5A7D18FF650600173F0F /* SDWebImageDecoder.m in Sources */,
				181C5A7F18FF650600173F0F /* SDWebImageDownloaderOperation.m in Sources */,
				181C5A8818FF650600173F0F /* UIImageView+WebCache.m in Sources */,
				181C5A8518FF650600173F0F /* UIImage+MultiFormat.m in Sources */,
				181C5A7E18FF650600173F0F /* SDWebImageDownloader.m in Sources */,
				181C5A9A18FF664400173F0F /* UIImage+Line.m in Sources */,
				18087DB819050222004408E9 /* AGIPCToolbarItem.m in Sources */,
				181C5A9018FF65BC00173F0F /* Navbar.m in Sources */,
				181C5A8B18FF652A00173F0F /* SJBMyCollectViewController.m in Sources */,
				181C5A6F18FF650600173F0F /* MBProgressHUD+Add.m in Sources */,
				18087DB719050222004408E9 /* AGIPCGridItem.m in Sources */,
				181C5A7A18FF650600173F0F /* NSData+GIF.m in Sources */,
				181C5A1618FF646D00173F0F /* main.m in Sources */,
				181C5A8618FF650600173F0F /* UIImage+WebP.m in Sources */,
				181C5A8118FF650600173F0F /* SDWebImageManager.m in Sources */,
				18087DB319050222004408E9 /* AGImagePickerController.m in Sources */,
				181C5A7B18FF650600173F0F /* SDImageCache.m in Sources */,
				181C5A7418FF650600173F0F /* MJPhotoBrowser.m in Sources */,
				181C5A7118FF650600173F0F /* MBProgressHUD.m in Sources */,
				18087DC4190527AF004408E9 /* GifView.m in Sources */,
			);
			runOnlyForDeploymentPostprocessing = 0;
		};
		181C5A1D18FF646D00173F0F /* Sources */ = {
			isa = PBXSourcesBuildPhase;
			buildActionMask = 2147483647;
			files = (
				181C5A2F18FF646D00173F0F /* myGifTests.m in Sources */,
			);
			runOnlyForDeploymentPostprocessing = 0;
		};
/* End PBXSourcesBuildPhase section */

/* Begin PBXTargetDependency section */
		181C5A2718FF646D00173F0F /* PBXTargetDependency */ = {
			isa = PBXTargetDependency;
			target = 181C5A0518FF646D00173F0F /* myGif */;
			targetProxy = 181C5A2618FF646D00173F0F /* PBXContainerItemProxy */;
		};
/* End PBXTargetDependency section */

/* Begin PBXVariantGroup section */
		181C5A1218FF646D00173F0F /* InfoPlist.strings */ = {
			isa = PBXVariantGroup;
			children = (
				181C5A1318FF646D00173F0F /* en */,
			);
			name = InfoPlist.strings;
			sourceTree = "<group>";
		};
		181C5A2B18FF646D00173F0F /* InfoPlist.strings */ = {
			isa = PBXVariantGroup;
			children = (
				181C5A2C18FF646D00173F0F /* en */,
			);
			name = InfoPlist.strings;
			sourceTree = "<group>";
		};
/* End PBXVariantGroup section */

/* Begin XCBuildConfiguration section */
		181C5A3018FF646D00173F0F /* Debug */ = {
			isa = XCBuildConfiguration;
			buildSettings = {
				ALWAYS_SEARCH_USER_PATHS = NO;
				CLANG_CXX_LANGUAGE_STANDARD = "gnu++0x";
				CLANG_CXX_LIBRARY = "libc++";
				CLANG_ENABLE_MODULES = YES;
				CLANG_ENABLE_OBJC_ARC = YES;
				CLANG_WARN_BOOL_CONVERSION = YES;
				CLANG_WARN_CONSTANT_CONVERSION = YES;
				CLANG_WARN_DIRECT_OBJC_ISA_USAGE = YES_ERROR;
				CLANG_WARN_EMPTY_BODY = YES;
				CLANG_WARN_ENUM_CONVERSION = YES;
				CLANG_WARN_INT_CONVERSION = YES;
				CLANG_WARN_OBJC_ROOT_CLASS = YES_ERROR;
				CLANG_WARN__DUPLICATE_METHOD_MATCH = YES;
				"CODE_SIGN_IDENTITY[sdk=iphoneos*]" = "iPhone Developer";
				COPY_PHASE_STRIP = NO;
				GCC_C_LANGUAGE_STANDARD = gnu99;
				GCC_DYNAMIC_NO_PIC = NO;
				GCC_OPTIMIZATION_LEVEL = 0;
				GCC_PREPROCESSOR_DEFINITIONS = (
					"DEBUG=1",
					"$(inherited)",
				);
				GCC_SYMBOLS_PRIVATE_EXTERN = NO;
				GCC_WARN_64_TO_32_BIT_CONVERSION = YES;
				GCC_WARN_ABOUT_RETURN_TYPE = YES_ERROR;
				GCC_WARN_UNDECLARED_SELECTOR = YES;
				GCC_WARN_UNINITIALIZED_AUTOS = YES_AGGRESSIVE;
				GCC_WARN_UNUSED_FUNCTION = YES;
				GCC_WARN_UNUSED_VARIABLE = YES;
				IPHONEOS_DEPLOYMENT_TARGET = 7.0;
				ONLY_ACTIVE_ARCH = YES;
				SDKROOT = iphoneos;
			};
			name = Debug;
		};
		181C5A3118FF646D00173F0F /* Release */ = {
			isa = XCBuildConfiguration;
			buildSettings = {
				ALWAYS_SEARCH_USER_PATHS = NO;
				CLANG_CXX_LANGUAGE_STANDARD = "gnu++0x";
				CLANG_CXX_LIBRARY = "libc++";
				CLANG_ENABLE_MODULES = YES;
				CLANG_ENABLE_OBJC_ARC = YES;
				CLANG_WARN_BOOL_CONVERSION = YES;
				CLANG_WARN_CONSTANT_CONVERSION = YES;
				CLANG_WARN_DIRECT_OBJC_ISA_USAGE = YES_ERROR;
				CLANG_WARN_EMPTY_BODY = YES;
				CLANG_WARN_ENUM_CONVERSION = YES;
				CLANG_WARN_INT_CONVERSION = YES;
				CLANG_WARN_OBJC_ROOT_CLASS = YES_ERROR;
				CLANG_WARN__DUPLICATE_METHOD_MATCH = YES;
				"CODE_SIGN_IDENTITY[sdk=iphoneos*]" = "iPhone Developer";
				COPY_PHASE_STRIP = YES;
				ENABLE_NS_ASSERTIONS = NO;
				GCC_C_LANGUAGE_STANDARD = gnu99;
				GCC_WARN_64_TO_32_BIT_CONVERSION = YES;
				GCC_WARN_ABOUT_RETURN_TYPE = YES_ERROR;
				GCC_WARN_UNDECLARED_SELECTOR = YES;
				GCC_WARN_UNINITIALIZED_AUTOS = YES_AGGRESSIVE;
				GCC_WARN_UNUSED_FUNCTION = YES;
				GCC_WARN_UNUSED_VARIABLE = YES;
				IPHONEOS_DEPLOYMENT_TARGET = 7.0;
				SDKROOT = iphoneos;
				VALIDATE_PRODUCT = YES;
			};
			name = Release;
		};
		181C5A3318FF646D00173F0F /* Debug */ = {
			isa = XCBuildConfiguration;
			baseConfigurationReference = BDB9CCA3F4D943E6A7565CC1 /* Pods.xcconfig */;
			buildSettings = {
				ASSETCATALOG_COMPILER_APPICON_NAME = AppIcon;
				ASSETCATALOG_COMPILER_LAUNCHIMAGE_NAME = LaunchImage;
				GCC_PRECOMPILE_PREFIX_HEADER = YES;
				GCC_PREFIX_HEADER = "myGif/myGif-Prefix.pch";
				INFOPLIST_FILE = "myGif/myGif-Info.plist";
				IPHONEOS_DEPLOYMENT_TARGET = 7.0;
				PRODUCT_NAME = "$(TARGET_NAME)";
				WRAPPER_EXTENSION = app;
			};
			name = Debug;
		};
		181C5A3418FF646D00173F0F /* Release */ = {
			isa = XCBuildConfiguration;
			baseConfigurationReference = BDB9CCA3F4D943E6A7565CC1 /* Pods.xcconfig */;
			buildSettings = {
				ASSETCATALOG_COMPILER_APPICON_NAME = AppIcon;
				ASSETCATALOG_COMPILER_LAUNCHIMAGE_NAME = LaunchImage;
				GCC_PRECOMPILE_PREFIX_HEADER = YES;
				GCC_PREFIX_HEADER = "myGif/myGif-Prefix.pch";
				INFOPLIST_FILE = "myGif/myGif-Info.plist";
				IPHONEOS_DEPLOYMENT_TARGET = 7.0;
				PRODUCT_NAME = "$(TARGET_NAME)";
				WRAPPER_EXTENSION = app;
			};
			name = Release;
		};
		181C5A3618FF646D00173F0F /* Debug */ = {
			isa = XCBuildConfiguration;
			buildSettings = {
				BUNDLE_LOADER = "$(BUILT_PRODUCTS_DIR)/myGif.app/myGif";
				FRAMEWORK_SEARCH_PATHS = (
					"$(SDKROOT)/Developer/Library/Frameworks",
					"$(inherited)",
					"$(DEVELOPER_FRAMEWORKS_DIR)",
				);
				GCC_PRECOMPILE_PREFIX_HEADER = YES;
				GCC_PREFIX_HEADER = "myGif/myGif-Prefix.pch";
				GCC_PREPROCESSOR_DEFINITIONS = (
					"DEBUG=1",
					"$(inherited)",
				);
				INFOPLIST_FILE = "myGifTests/myGifTests-Info.plist";
				PRODUCT_NAME = "$(TARGET_NAME)";
				TEST_HOST = "$(BUNDLE_LOADER)";
				WRAPPER_EXTENSION = xctest;
			};
			name = Debug;
		};
		181C5A3718FF646D00173F0F /* Release */ = {
			isa = XCBuildConfiguration;
			buildSettings = {
				BUNDLE_LOADER = "$(BUILT_PRODUCTS_DIR)/myGif.app/myGif";
				FRAMEWORK_SEARCH_PATHS = (
					"$(SDKROOT)/Developer/Library/Frameworks",
					"$(inherited)",
					"$(DEVELOPER_FRAMEWORKS_DIR)",
				);
				GCC_PRECOMPILE_PREFIX_HEADER = YES;
				GCC_PREFIX_HEADER = "myGif/myGif-Prefix.pch";
				INFOPLIST_FILE = "myGifTests/myGifTests-Info.plist";
				PRODUCT_NAME = "$(TARGET_NAME)";
				TEST_HOST = "$(BUNDLE_LOADER)";
				WRAPPER_EXTENSION = xctest;
			};
			name = Release;
		};
/* End XCBuildConfiguration section */

/* Begin XCConfigurationList section */
		181C5A0118FF646D00173F0F /* Build configuration list for PBXProject "myGif" */ = {
			isa = XCConfigurationList;
			buildConfigurations = (
				181C5A3018FF646D00173F0F /* Debug */,
				181C5A3118FF646D00173F0F /* Release */,
			);
			defaultConfigurationIsVisible = 0;
			defaultConfigurationName = Release;
		};
		181C5A3218FF646D00173F0F /* Build configuration list for PBXNativeTarget "myGif" */ = {
			isa = XCConfigurationList;
			buildConfigurations = (
				181C5A3318FF646D00173F0F /* Debug */,
				181C5A3418FF646D00173F0F /* Release */,
			);
			defaultConfigurationIsVisible = 0;
			defaultConfigurationName = Release;
		};
		181C5A3518FF646D00173F0F /* Build configuration list for PBXNativeTarget "myGifTests" */ = {
			isa = XCConfigurationList;
			buildConfigurations = (
				181C5A3618FF646D00173F0F /* Debug */,
				181C5A3718FF646D00173F0F /* Release */,
			);
			defaultConfigurationIsVisible = 0;
			defaultConfigurationName = Release;
		};
/* End XCConfigurationList section */
	};
	rootObject = 181C59FE18FF646D00173F0F /* Project object */;
}
